
Microsoft Visual Studio Solution File, Format Version 12.00
# Visual Studio Version 17
VisualStudioVersion = 17.4.33213.308
MinimumVisualStudioVersion = 10.0.40219.1
Project("{FAE04EC0-301F-11D3-BF4B-00C04F79EFBC}") = "bytebank", "bytebank\bytebank.csproj", "{5DA63AA0-D153-45FB-97A8-D71E54B4F3FD}"
EndProject
Global
	GlobalSection(SolutionConfigurationPlatforms) = preSolution
		Debug|Any CPU = Debug|Any CPU
		Release|Any CPU = Release|Any CPU
	EndGlobalSection
	GlobalSection(ProjectConfigurationPlatforms) = postSolution
		{5DA63AA0-D153-45FB-97A8-D71E54B4F3FD}.Debug|Any CPU.ActiveCfg = Debug|Any CPU
		{5DA63AA0-D153-45FB-97A8-D71E54B4F3FD}.Debug|Any CPU.Build.0 = Debug|Any CPU
		{5DA63AA0-D153-45FB-97A8-D71E54B4F3FD}.Release|Any CPU.ActiveCfg = Release|Any CPU
		{5DA63AA0-D153-45FB-97A8-D71E54B4F3FD}.Release|Any CPU.Build.0 = Release|Any CPU
	EndGlobalSection
	GlobalSection(SolutionProperties) = preSolution
		HideSolutionNode = FALSE
	EndGlobalSection
	GlobalSection(ExtensibilityGlobals) = postSolution
		SolutionGuid = {E1087F83-B406-4507-AA1C-7863E8A420FD}
	EndGlobalSection
EndGlobal
